<?xml version="1.0" encoding="utf-8"?>
<Project ToolsVersion="4.0" xmlns="http://schemas.microsoft.com/developer/msbuild/2003">
  <ItemGroup>
    <Filter Include="_externals">
      <UniqueIdentifier>{7A8ED73E-6646-198C-CF4D-F2E7BB24B47C}</UniqueIdentifier>
    </Filter>
    <Filter Include="_externals\ImGUI">
      <UniqueIdentifier>{E47213B4-D06B-3206-F99D-178BE5F51112}</UniqueIdentifier>
    </Filter>
    <Filter Include="_externals\ImGuizmo">
      <UniqueIdentifier>{1AEA89E0-864B-67EE-0FB9-ADA07B199EAD}</UniqueIdentifier>
    </Filter>
    <Filter Include="src">
      <UniqueIdentifier>{2DAB880B-99B4-887C-2230-9F7C8E38947C}</UniqueIdentifier>
    </Filter>
    <Filter Include="src\backends">
      <UniqueIdentifier>{F707EA36-E36A-79DB-8CF0-B1917832455E}</UniqueIdentifier>
    </Filter>
    <Filter Include="src\core">
      <UniqueIdentifier>{C55F2ECF-B12C-89DA-DA45-7782C671BE68}</UniqueIdentifier>
    </Filter>
    <Filter Include="src\core\events">
      <UniqueIdentifier>{29103182-959B-9E46-9EAC-213B0AB7FA46}</UniqueIdentifier>
    </Filter>
    <Filter Include="src\core\input">
      <UniqueIdentifier>{A41F1788-90ED-0A8E-7981-7BB465EEE6F2}</UniqueIdentifier>
    </Filter>
    <Filter Include="src\core\io">
      <UniqueIdentifier>{8CDBF2DC-F890-6BD2-8185-65A9ED3962D6}</UniqueIdentifier>
    </Filter>
    <Filter Include="src\core\memory">
      <UniqueIdentifier>{AD1BAB93-19A7-1858-22B8-9B4C8EC27458}</UniqueIdentifier>
    </Filter>
    <Filter Include="src\core\platform">
      <UniqueIdentifier>{D9C5D3EE-45DC-D184-8E53-5DA6FAA8A20C}</UniqueIdentifier>
    </Filter>
    <Filter Include="src\core\platform\GLFW">
      <UniqueIdentifier>{B810A1B0-A40A-CA02-8D77-60137910306F}</UniqueIdentifier>
    </Filter>
    <Filter Include="src\core\platform\OpenGL">
      <UniqueIdentifier>{ED406E72-D965-BDF2-02B1-A282EE34BC10}</UniqueIdentifier>
    </Filter>
    <Filter Include="src\core\platform\Physx">
      <UniqueIdentifier>{E43B76C5-5073-BE5C-597D-2280C533E555}</UniqueIdentifier>
    </Filter>
    <Filter Include="src\core\platform\Vulkan">
      <UniqueIdentifier>{39A52083-25CA-6F03-4E15-55933A996E21}</UniqueIdentifier>
    </Filter>
    <Filter Include="src\core\platform\Windows">
      <UniqueIdentifier>{13395218-7FFB-85A2-C8AB-142F34AD5E80}</UniqueIdentifier>
    </Filter>
    <Filter Include="src\physics">
      <UniqueIdentifier>{BF23DBB5-2BD9-53AB-B4CD-4D8220824AAF}</UniqueIdentifier>
    </Filter>
    <Filter Include="src\render">
      <UniqueIdentifier>{1CA98B76-0861-CDC3-7168-A61F5D3F68B4}</UniqueIdentifier>
    </Filter>
    <Filter Include="src\render\render_graph">
      <UniqueIdentifier>{BC1693FD-284E-DB94-3158-3FB89D0E028E}</UniqueIdentifier>
    </Filter>
    <Filter Include="src\resource">
      <UniqueIdentifier>{040C9454-F06E-23F9-99F4-5BAF8536EF7B}</UniqueIdentifier>
    </Filter>
    <Filter Include="src\scene">
      <UniqueIdentifier>{2A1615B6-9680-C92C-DFBE-7AD24B68A781}</UniqueIdentifier>
    </Filter>
    <Filter Include="src\scripting">
      <UniqueIdentifier>{8FDCBB27-FB9C-375E-C4D7-80DB30577C3A}</UniqueIdentifier>
    </Filter>
    <Filter Include="src\serialize">
      <UniqueIdentifier>{44B52BFF-B075-A735-79B0-F0B2E52FEC11}</UniqueIdentifier>
    </Filter>
  </ItemGroup>
  <ItemGroup>
    <ClInclude Include="src\backends\Fontutils.h">
      <Filter>src\backends</Filter>
    </ClInclude>
    <ClInclude Include="src\backends\Physicsutils.h">
      <Filter>src\backends</Filter>
    </ClInclude>
    <ClInclude Include="src\backends\Renderutils.h">
      <Filter>src\backends</Filter>
    </ClInclude>
    <ClInclude Include="src\backends\UIutils.h">
      <Filter>src\backends</Filter>
    </ClInclude>
    <ClInclude Include="src\core\Application.h">
      <Filter>src\core</Filter>
    </ClInclude>
    <ClInclude Include="src\core\Clock.h">
      <Filter>src\core</Filter>
    </ClInclude>
    <ClInclude Include="src\core\Core.h">
      <Filter>src\core</Filter>
    </ClInclude>
    <ClInclude Include="src\core\Coretypes.h">
      <Filter>src\core</Filter>
    </ClInclude>
    <ClInclude Include="src\core\EntryPoint.h">
      <Filter>src\core</Filter>
    </ClInclude>
    <ClInclude Include="src\core\Enums.h">
      <Filter>src\core</Filter>
    </ClInclude>
    <ClInclude Include="src\core\FileSystem.h">
      <Filter>src\core</Filter>
    </ClInclude>
    <ClInclude Include="src\core\Layer.h">
      <Filter>src\core</Filter>
    </ClInclude>
    <ClInclude Include="src\core\Object.h">
      <Filter>src\core</Filter>
    </ClInclude>
    <ClInclude Include="src\core\Platform.h">
      <Filter>src\core</Filter>
    </ClInclude>
    <ClInclude Include="src\core\StartUp.h">
      <Filter>src\core</Filter>
    </ClInclude>
    <ClInclude Include="src\core\Utils.h">
      <Filter>src\core</Filter>
    </ClInclude>
    <ClInclude Include="src\core\Window.h">
      <Filter>src\core</Filter>
    </ClInclude>
    <ClInclude Include="src\core\events\Events.h">
      <Filter>src\core\events</Filter>
    </ClInclude>
    <ClInclude Include="src\core\events\EventsSystem.h">
      <Filter>src\core\events</Filter>
    </ClInclude>
    <ClInclude Include="src\core\input\Input.h">
      <Filter>src\core\input</Filter>
    </ClInclude>
    <ClInclude Include="src\core\input\Keys.h">
      <Filter>src\core\input</Filter>
    </ClInclude>
    <ClInclude Include="src\core\io\Logging.h">
      <Filter>src\core\io</Filter>
    </ClInclude>
    <ClInclude Include="src\core\io\TrcConsole.h">
      <Filter>src\core\io</Filter>
    </ClInclude>
    <ClInclude Include="src\core\memory\MemoryManager.h">
      <Filter>src\core\memory</Filter>
    </ClInclude>
    <ClInclude Include="src\core\memory\StackAllocator.h">
      <Filter>src\core\memory</Filter>
    </ClInclude>
    <ClInclude Include="src\core\memory\memory.h">
      <Filter>src\core\memory</Filter>
    </ClInclude>
    <ClInclude Include="src\core\pch.h">
      <Filter>src\core</Filter>
    </ClInclude>
    <ClInclude Include="src\core\platform\GLFW\GLFWwindow.h">
      <Filter>src\core\platform\GLFW</Filter>
    </ClInclude>
    <ClInclude Include="src\core\platform\OpenGL\OpenGLBuffer.h">
      <Filter>src\core\platform\OpenGL</Filter>
    </ClInclude>
    <ClInclude Include="src\core\platform\OpenGL\OpenGLContext.h">
      <Filter>src\core\platform\OpenGL</Filter>
    </ClInclude>
    <ClInclude Include="src\core\platform\OpenGL\OpenGLDevice.h">
      <Filter>src\core\platform\OpenGL</Filter>
    </ClInclude>
    <ClInclude Include="src\core\platform\Physx\Physx_backend.h">
      <Filter>src\core\platform\Physx</Filter>
    </ClInclude>
    <ClInclude Include="src\core\platform\Vulkan\VKContext.h">
      <Filter>src\core\platform\Vulkan</Filter>
    </ClInclude>
    <ClInclude Include="src\core\platform\Vulkan\VKDevice.h">
      <Filter>src\core\platform\Vulkan</Filter>
    </ClInclude>
    <ClInclude Include="src\core\platform\Vulkan\VKtypes.h">
      <Filter>src\core\platform\Vulkan</Filter>
    </ClInclude>
    <ClInclude Include="src\core\platform\Vulkan\VkUtils.h">
      <Filter>src\core\platform\Vulkan</Filter>
    </ClInclude>
    <ClInclude Include="src\core\platform\Vulkan\VulkanBuffer.h">
      <Filter>src\core\platform\Vulkan</Filter>
    </ClInclude>
    <ClInclude Include="src\core\platform\Vulkan\VulkanFramebuffer.h">
      <Filter>src\core\platform\Vulkan</Filter>
    </ClInclude>
    <ClInclude Include="src\core\platform\Vulkan\VulkanMaterial.h">
      <Filter>src\core\platform\Vulkan</Filter>
    </ClInclude>
    <ClInclude Include="src\core\platform\Vulkan\VulkanPipeline.h">
      <Filter>src\core\platform\Vulkan</Filter>
    </ClInclude>
    <ClInclude Include="src\core\platform\Vulkan\VulkanRenderFunc.h">
      <Filter>src\core\platform\Vulkan</Filter>
    </ClInclude>
    <ClInclude Include="src\core\platform\Vulkan\VulkanRenderGraph.h">
      <Filter>src\core\platform\Vulkan</Filter>
    </ClInclude>
    <ClInclude Include="src\core\platform\Vulkan\VulkanRenderPass.h">
      <Filter>src\core\platform\Vulkan</Filter>
    </ClInclude>
    <ClInclude Include="src\core\platform\Vulkan\VulkanShader.h">
      <Filter>src\core\platform\Vulkan</Filter>
    </ClInclude>
    <ClInclude Include="src\core\platform\Vulkan\VulkanSwapchain.h">
      <Filter>src\core\platform\Vulkan</Filter>
    </ClInclude>
    <ClInclude Include="src\core\platform\Vulkan\VulkanTexture.h">
      <Filter>src\core\platform\Vulkan</Filter>
    </ClInclude>
    <ClInclude Include="src\core\platform\Windows\Win32Window.h">
      <Filter>src\core\platform\Windows</Filter>
    </ClInclude>
    <ClInclude Include="src\core\platform\Windows\WinConsole.h">
      <Filter>src\core\platform\Windows</Filter>
    </ClInclude>
    <ClInclude Include="src\physics\Physics.h">
      <Filter>src\physics</Filter>
    </ClInclude>
    <ClInclude Include="src\render\Camera.h">
      <Filter>src\render</Filter>
    </ClInclude>
    <ClInclude Include="src\render\Commands.h">
      <Filter>src\render</Filter>
    </ClInclude>
    <ClInclude Include="src\render\Font.h">
      <Filter>src\render</Filter>
    </ClInclude>
    <ClInclude Include="src\render\GBuffer.h">
      <Filter>src\render</Filter>
    </ClInclude>
    <ClInclude Include="src\render\GContext.h">
      <Filter>src\render</Filter>
    </ClInclude>
    <ClInclude Include="src\render\GDevice.h">
      <Filter>src\render</Filter>
    </ClInclude>
    <ClInclude Include="src\render\GFramebuffer.h">
      <Filter>src\render</Filter>
    </ClInclude>
    <ClInclude Include="src\render\GHandle.h">
      <Filter>src\render</Filter>
    </ClInclude>
    <ClInclude Include="src\render\GPipeline.h">
      <Filter>src\render</Filter>
    </ClInclude>
    <ClInclude Include="src\render\GRenderPass.h">
      <Filter>src\render</Filter>
    </ClInclude>
    <ClInclude Include="src\render\GShader.h">
      <Filter>src\render</Filter>
    </ClInclude>
    <ClInclude Include="src\render\GSwapchain.h">
      <Filter>src\render</Filter>
    </ClInclude>
    <ClInclude Include="src\render\GTexture.h">
      <Filter>src\render</Filter>
    </ClInclude>
    <ClInclude Include="src\render\Graphics.h">
      <Filter>src\render</Filter>
    </ClInclude>
    <ClInclude Include="src\render\Material.h">
      <Filter>src\render</Filter>
    </ClInclude>
    <ClInclude Include="src\render\Mesh.h">
      <Filter>src\render</Filter>
    </ClInclude>
    <ClInclude Include="src\render\Model.h">
      <Filter>src\render</Filter>
    </ClInclude>
    <ClInclude Include="src\render\RenderComposer.h">
      <Filter>src\render</Filter>
    </ClInclude>
    <ClInclude Include="src\render\RenderPassInfo.h">
      <Filter>src\render</Filter>
    </ClInclude>
    <ClInclude Include="src\render\Renderer.h">
      <Filter>src\render</Filter>
    </ClInclude>
    <ClInclude Include="src\render\ShaderParser.h">
      <Filter>src\render</Filter>
    </ClInclude>
    <ClInclude Include="src\render\SkyBox.h">
      <Filter>src\render</Filter>
    </ClInclude>
    <ClInclude Include="src\render\Transform.h">
      <Filter>src\render</Filter>
    </ClInclude>
    <ClInclude Include="src\render\render_graph\BloomPass.h">
      <Filter>src\render\render_graph</Filter>
    </ClInclude>
    <ClInclude Include="src\render\render_graph\CustomPass.h">
      <Filter>src\render\render_graph</Filter>
    </ClInclude>
    <ClInclude Include="src\render\render_graph\FinalPass.h">
      <Filter>src\render\render_graph</Filter>
    </ClInclude>
    <ClInclude Include="src\render\render_graph\ForwardPass.h">
      <Filter>src\render\render_graph</Filter>
    </ClInclude>
    <ClInclude Include="src\render\render_graph\FrameData.h">
      <Filter>src\render\render_graph</Filter>
    </ClInclude>
    <ClInclude Include="src\render\render_graph\GBufferPass.h">
      <Filter>src\render\render_graph</Filter>
    </ClInclude>
    <ClInclude Include="src\render\render_graph\LightingPass.h">
      <Filter>src\render\render_graph</Filter>
    </ClInclude>
    <ClInclude Include="src\render\render_graph\MainPass.h">
      <Filter>src\render\render_graph</Filter>
    </ClInclude>
    <ClInclude Include="src\render\render_graph\RGBlackBoard.h">
      <Filter>src\render\render_graph</Filter>
    </ClInclude>
    <ClInclude Include="src\render\render_graph\RenderGraph.h">
      <Filter>src\render\render_graph</Filter>
    </ClInclude>
    <ClInclude Include="src\render\render_graph\RenderPass.h">
      <Filter>src\render\render_graph</Filter>
    </ClInclude>
    <ClInclude Include="src\render\render_graph\SSAO.h">
      <Filter>src\render\render_graph</Filter>
    </ClInclude>
    <ClInclude Include="src\render\render_graph\ToneMapPass.h">
      <Filter>src\render\render_graph</Filter>
    </ClInclude>
    <ClInclude Include="src\render\render_graph\UIPass.h">
      <Filter>src\render\render_graph</Filter>
    </ClInclude>
    <ClInclude Include="src\resource\FontManager.h">
      <Filter>src\resource</Filter>
    </ClInclude>
    <ClInclude Include="src\resource\HashTable.h">
      <Filter>src\resource</Filter>
    </ClInclude>
    <ClInclude Include="src\resource\MaterialManager.h">
      <Filter>src\resource</Filter>
    </ClInclude>
    <ClInclude Include="src\resource\MeshManager.h">
      <Filter>src\resource</Filter>
    </ClInclude>
    <ClInclude Include="src\resource\ModelManager.h">
      <Filter>src\resource</Filter>
    </ClInclude>
    <ClInclude Include="src\resource\PipelineManager.h">
      <Filter>src\resource</Filter>
    </ClInclude>
    <ClInclude Include="src\resource\Ref.h">
      <Filter>src\resource</Filter>
    </ClInclude>
    <ClInclude Include="src\resource\Resource.h">
      <Filter>src\resource</Filter>
    </ClInclude>
    <ClInclude Include="src\resource\ResourceSystem.h">
      <Filter>src\resource</Filter>
    </ClInclude>
    <ClInclude Include="src\resource\ShaderManager.h">
      <Filter>src\resource</Filter>
    </ClInclude>
    <ClInclude Include="src\resource\TextureManager.h">
      <Filter>src\resource</Filter>
    </ClInclude>
    <ClInclude Include="src\scene\Componets.h">
      <Filter>src\scene</Filter>
    </ClInclude>
    <ClInclude Include="src\scene\Entity.h">
      <Filter>src\scene</Filter>
    </ClInclude>
    <ClInclude Include="src\scene\Scene.h">
      <Filter>src\scene</Filter>
    </ClInclude>
    <ClInclude Include="src\scene\SceneManager.h">
      <Filter>src\scene</Filter>
    </ClInclude>
    <ClInclude Include="src\scene\UUID.h">
      <Filter>src\scene</Filter>
    </ClInclude>
    <ClInclude Include="src\scripting\Script.h">
      <Filter>src\scripting</Filter>
    </ClInclude>
    <ClInclude Include="src\scripting\ScriptBackend.h">
      <Filter>src\scripting</Filter>
    </ClInclude>
    <ClInclude Include="src\scripting\ScriptEngine.h">
      <Filter>src\scripting</Filter>
    </ClInclude>
    <ClInclude Include="src\scripting\ScriptRegistry.h">
      <Filter>src\scripting</Filter>
    </ClInclude>
    <ClInclude Include="src\serialize\MaterialSerializer.h">
      <Filter>src\serialize</Filter>
    </ClInclude>
    <ClInclude Include="src\serialize\PipelineSerializer.h">
      <Filter>src\serialize</Filter>
    </ClInclude>
    <ClInclude Include="src\serialize\SceneSerializer.h">
      <Filter>src\serialize</Filter>
    </ClInclude>
    <ClInclude Include="src\serialize\yaml_util.h">
      <Filter>src\serialize</Filter>
    </ClInclude>
    <ClInclude Include="src\trace.h">
      <Filter>src</Filter>
    </ClInclude>
  </ItemGroup>
  <ItemGroup>
    <ClCompile Include="_externals\ImGUI\imgui.cpp">
      <Filter>_externals\ImGUI</Filter>
    </ClCompile>
    <ClCompile Include="_externals\ImGUI\imgui_demo.cpp">
      <Filter>_externals\ImGUI</Filter>
    </ClCompile>
    <ClCompile Include="_externals\ImGUI\imgui_draw.cpp">
      <Filter>_externals\ImGUI</Filter>
    </ClCompile>
    <ClCompile Include="_externals\ImGUI\imgui_impl_glfw.cpp">
      <Filter>_externals\ImGUI</Filter>
    </ClCompile>
    <ClCompile Include="_externals\ImGUI\imgui_impl_vulkan.cpp">
      <Filter>_externals\ImGUI</Filter>
    </ClCompile>
    <ClCompile Include="_externals\ImGUI\imgui_impl_win32.cpp">
      <Filter>_externals\ImGUI</Filter>
    </ClCompile>
    <ClCompile Include="_externals\ImGUI\imgui_stdlib.cpp">
      <Filter>_externals\ImGUI</Filter>
    </ClCompile>
    <ClCompile Include="_externals\ImGUI\imgui_tables.cpp">
      <Filter>_externals\ImGUI</Filter>
    </ClCompile>
    <ClCompile Include="_externals\ImGUI\imgui_widgets.cpp">
      <Filter>_externals\ImGUI</Filter>
    </ClCompile>
    <ClCompile Include="_externals\ImGuizmo\ImGuizmo.cpp">
      <Filter>_externals\ImGuizmo</Filter>
    </ClCompile>
    <ClCompile Include="_externals\spirv_reflect.cpp">
      <Filter>_externals</Filter>
    </ClCompile>
    <ClCompile Include="src\backends\Fontutils.cpp">
      <Filter>src\backends</Filter>
    </ClCompile>
    <ClCompile Include="src\backends\Physicsutils.cpp">
      <Filter>src\backends</Filter>
    </ClCompile>
    <ClCompile Include="src\backends\Renderutils.cpp">
      <Filter>src\backends</Filter>
    </ClCompile>
    <ClCompile Include="src\backends\UIutils.cpp">
      <Filter>src\backends</Filter>
    </ClCompile>
    <ClCompile Include="src\core\Application.cpp">
      <Filter>src\core</Filter>
    </ClCompile>
    <ClCompile Include="src\core\Clock.cpp">
      <Filter>src\core</Filter>
    </ClCompile>
    <ClCompile Include="src\core\Coretypes.cpp">
      <Filter>src\core</Filter>
    </ClCompile>
    <ClCompile Include="src\core\FileSystem.cpp">
      <Filter>src\core</Filter>
    </ClCompile>
    <ClCompile Include="src\core\Layer.cpp">
      <Filter>src\core</Filter>
    </ClCompile>
    <ClCompile Include="src\core\Object.cpp">
      <Filter>src\core</Filter>
    </ClCompile>
    <ClCompile Include="src\core\Platform.cpp">
      <Filter>src\core</Filter>
    </ClCompile>
    <ClCompile Include="src\core\StartUp.cpp">
      <Filter>src\core</Filter>
    </ClCompile>
    <ClCompile Include="src\core\events\ApplicationEvents.cpp">
      <Filter>src\core\events</Filter>
    </ClCompile>
    <ClCompile Include="src\core\events\ConsoleEvents.cpp">
      <Filter>src\core\events</Filter>
    </ClCompile>
    <ClCompile Include="src\core\events\EventsSystem.cpp">
      <Filter>src\core\events</Filter>
    </ClCompile>
    <ClCompile Include="src\core\events\KeyEvents.cpp">
      <Filter>src\core\events</Filter>
    </ClCompile>
    <ClCompile Include="src\core\input\Input.cpp">
      <Filter>src\core\input</Filter>
    </ClCompile>
    <ClCompile Include="src\core\io\Logging.cpp">
      <Filter>src\core\io</Filter>
    </ClCompile>
    <ClCompile Include="src\core\io\TrcConsole.cpp">
      <Filter>src\core\io</Filter>
    </ClCompile>
    <ClCompile Include="src\core\memory\MemoryManager.cpp">
      <Filter>src\core\memory</Filter>
    </ClCompile>
    <ClCompile Include="src\core\memory\StackAllocator.cpp">
      <Filter>src\core\memory</Filter>
    </ClCompile>
    <ClCompile Include="src\core\memory\memory.cpp">
      <Filter>src\core\memory</Filter>
    </ClCompile>
    <ClCompile Include="src\core\pch.cpp">
      <Filter>src\core</Filter>
    </ClCompile>
    <ClCompile Include="src\core\platform\GLFW\GLFWwindow.cpp">
      <Filter>src\core\platform\GLFW</Filter>
    </ClCompile>
    <ClCompile Include="src\core\platform\OpenGL\OpenGLBuffer.cpp">
      <Filter>src\core\platform\OpenGL</Filter>
    </ClCompile>
    <ClCompile Include="src\core\platform\OpenGL\OpenGLContext.cpp">
      <Filter>src\core\platform\OpenGL</Filter>
    </ClCompile>
    <ClCompile Include="src\core\platform\OpenGL\OpenGLDevice.cpp">
      <Filter>src\core\platform\OpenGL</Filter>
    </ClCompile>
    <ClCompile Include="src\core\platform\Physx\Physx_backend.cpp">
      <Filter>src\core\platform\Physx</Filter>
    </ClCompile>
    <ClCompile Include="src\core\platform\Vulkan\VKContext.cpp">
      <Filter>src\core\platform\Vulkan</Filter>
    </ClCompile>
    <ClCompile Include="src\core\platform\Vulkan\VKDevice.cpp">
      <Filter>src\core\platform\Vulkan</Filter>
    </ClCompile>
    <ClCompile Include="src\core\platform\Vulkan\VKUtils.cpp">
      <Filter>src\core\platform\Vulkan</Filter>
    </ClCompile>
    <ClCompile Include="src\core\platform\Vulkan\VulkanBuffer.cpp">
      <Filter>src\core\platform\Vulkan</Filter>
    </ClCompile>
    <ClCompile Include="src\core\platform\Vulkan\VulkanFramebuffer.cpp">
      <Filter>src\core\platform\Vulkan</Filter>
    </ClCompile>
    <ClCompile Include="src\core\platform\Vulkan\VulkanMaterial.cpp">
      <Filter>src\core\platform\Vulkan</Filter>
    </ClCompile>
    <ClCompile Include="src\core\platform\Vulkan\VulkanPipeline.cpp">
      <Filter>src\core\platform\Vulkan</Filter>
    </ClCompile>
    <ClCompile Include="src\core\platform\Vulkan\VulkanRenderGraph.cpp">
      <Filter>src\core\platform\Vulkan</Filter>
    </ClCompile>
    <ClCompile Include="src\core\platform\Vulkan\VulkanRenderPass.cpp">
      <Filter>src\core\platform\Vulkan</Filter>
    </ClCompile>
    <ClCompile Include="src\core\platform\Vulkan\VulkanShader.cpp">
      <Filter>src\core\platform\Vulkan</Filter>
    </ClCompile>
    <ClCompile Include="src\core\platform\Vulkan\VulkanSwapchain.cpp">
      <Filter>src\core\platform\Vulkan</Filter>
    </ClCompile>
    <ClCompile Include="src\core\platform\Vulkan\VulkanTexture.cpp">
      <Filter>src\core\platform\Vulkan</Filter>
    </ClCompile>
    <ClCompile Include="src\core\platform\Windows\Win32Window.cpp">
      <Filter>src\core\platform\Windows</Filter>
    </ClCompile>
    <ClCompile Include="src\core\platform\Windows\WinConsole.cpp">
      <Filter>src\core\platform\Windows</Filter>
    </ClCompile>
    <ClCompile Include="src\render\Camera.cpp">
      <Filter>src\render</Filter>
    </ClCompile>
    <ClCompile Include="src\render\Font.cpp">
      <Filter>src\render</Filter>
    </ClCompile>
    <ClCompile Include="src\render\GBuffer.cpp">
      <Filter>src\render</Filter>
    </ClCompile>
    <ClCompile Include="src\render\GContext.cpp">
      <Filter>src\render</Filter>
    </ClCompile>
    <ClCompile Include="src\render\GDevice.cpp">
      <Filter>src\render</Filter>
    </ClCompile>
    <ClCompile Include="src\render\GFramebuffer.cpp">
      <Filter>src\render</Filter>
    </ClCompile>
    <ClCompile Include="src\render\GHandle.cpp">
      <Filter>src\render</Filter>
    </ClCompile>
    <ClCompile Include="src\render\GPipeline.cpp">
      <Filter>src\render</Filter>
    </ClCompile>
    <ClCompile Include="src\render\GRenderpass.cpp">
      <Filter>src\render</Filter>
    </ClCompile>
    <ClCompile Include="src\render\GShader.cpp">
      <Filter>src\render</Filter>
    </ClCompile>
    <ClCompile Include="src\render\GSwapchain.cpp">
      <Filter>src\render</Filter>
    </ClCompile>
    <ClCompile Include="src\render\GTexture.cpp">
      <Filter>src\render</Filter>
    </ClCompile>
    <ClCompile Include="src\render\Graphics.cpp">
      <Filter>src\render</Filter>
    </ClCompile>
    <ClCompile Include="src\render\Material.cpp">
      <Filter>src\render</Filter>
    </ClCompile>
    <ClCompile Include="src\render\Mesh.cpp">
      <Filter>src\render</Filter>
    </ClCompile>
    <ClCompile Include="src\render\Model.cpp">
      <Filter>src\render</Filter>
    </ClCompile>
    <ClCompile Include="src\render\RenderComposer.cpp">
      <Filter>src\render</Filter>
    </ClCompile>
    <ClCompile Include="src\render\Renderer.cpp">
      <Filter>src\render</Filter>
    </ClCompile>
    <ClCompile Include="src\render\ShaderParser.cpp">
      <Filter>src\render</Filter>
    </ClCompile>
    <ClCompile Include="src\render\SkyBox.cpp">
      <Filter>src\render</Filter>
    </ClCompile>
    <ClCompile Include="src\render\Transform.cpp">
      <Filter>src\render</Filter>
    </ClCompile>
    <ClCompile Include="src\render\render_graph\BloomPass.cpp">
      <Filter>src\render\render_graph</Filter>
    </ClCompile>
    <ClCompile Include="src\render\render_graph\CustomPass.cpp">
      <Filter>src\render\render_graph</Filter>
    </ClCompile>
    <ClCompile Include="src\render\render_graph\FinalPass.cpp">
      <Filter>src\render\render_graph</Filter>
    </ClCompile>
    <ClCompile Include="src\render\render_graph\ForwardPass.cpp">
      <Filter>src\render\render_graph</Filter>
    </ClCompile>
    <ClCompile Include="src\render\render_graph\GBufferPass.cpp">
      <Filter>src\render\render_graph</Filter>
    </ClCompile>
    <ClCompile Include="src\render\render_graph\LightingPass.cpp">
      <Filter>src\render\render_graph</Filter>
    </ClCompile>
    <ClCompile Include="src\render\render_graph\MainPass.cpp">
      <Filter>src\render\render_graph</Filter>
    </ClCompile>
    <ClCompile Include="src\render\render_graph\RenderGraph.cpp">
      <Filter>src\render\render_graph</Filter>
    </ClCompile>
    <ClCompile Include="src\render\render_graph\SSAO.cpp">
      <Filter>src\render\render_graph</Filter>
    </ClCompile>
    <ClCompile Include="src\render\render_graph\ToneMapPass.cpp">
      <Filter>src\render\render_graph</Filter>
    </ClCompile>
    <ClCompile Include="src\render\render_graph\UIPass.cpp">
      <Filter>src\render\render_graph</Filter>
    </ClCompile>
    <ClCompile Include="src\resource\FontManager.cpp">
      <Filter>src\resource</Filter>
    </ClCompile>
    <ClCompile Include="src\resource\MaterialManager.cpp">
      <Filter>src\resource</Filter>
    </ClCompile>
    <ClCompile Include="src\resource\MeshManager.cpp">
      <Filter>src\resource</Filter>
    </ClCompile>
    <ClCompile Include="src\resource\ModelManager.cpp">
      <Filter>src\resource</Filter>
    </ClCompile>
    <ClCompile Include="src\resource\PipelineManager.cpp">
      <Filter>src\resource</Filter>
    </ClCompile>
    <ClCompile Include="src\resource\Resource.cpp">
      <Filter>src\resource</Filter>
    </ClCompile>
    <ClCompile Include="src\resource\ResourceSystem.cpp">
      <Filter>src\resource</Filter>
    </ClCompile>
    <ClCompile Include="src\resource\ShaderManager.cpp">
      <Filter>src\resource</Filter>
    </ClCompile>
    <ClCompile Include="src\resource\TextureManager.cpp">
      <Filter>src\resource</Filter>
    </ClCompile>
    <ClCompile Include="src\scene\Scene.cpp">
      <Filter>src\scene</Filter>
    </ClCompile>
    <ClCompile Include="src\scene\SceneManager.cpp">
      <Filter>src\scene</Filter>
    </ClCompile>
    <ClCompile Include="src\scene\UUID.cpp">
      <Filter>src\scene</Filter>
    </ClCompile>
    <ClCompile Include="src\scripting\Script.cpp">
      <Filter>src\scripting</Filter>
    </ClCompile>
    <ClCompile Include="src\scripting\ScriptBackend.cpp">
      <Filter>src\scripting</Filter>
    </ClCompile>
    <ClCompile Include="src\scripting\ScriptEngine.cpp">
      <Filter>src\scripting</Filter>
    </ClCompile>
    <ClCompile Include="src\scripting\ScriptRegistry.cpp">
      <Filter>src\scripting</Filter>
    </ClCompile>
    <ClCompile Include="src\serialize\MaterialSerializer.cpp">
      <Filter>src\serialize</Filter>
    </ClCompile>
    <ClCompile Include="src\serialize\PipelineSerializer.cpp">
      <Filter>src\serialize</Filter>
    </ClCompile>
    <ClCompile Include="src\serialize\SceneSerializer.cpp">
      <Filter>src\serialize</Filter>
    </ClCompile>
    <ClCompile Include="src\serialize\yaml_util.cpp">
      <Filter>src\serialize</Filter>
    </ClCompile>
  </ItemGroup>
</Project>