<?xml version="1.0" encoding="utf-8"?>
<Project ToolsVersion="4.0" xmlns="http://schemas.microsoft.com/developer/msbuild/2003">
  <ItemGroup>
    <Filter Include="core">
      <UniqueIdentifier>{4E40957C-3A77-960D-E363-7C10CF79120F}</UniqueIdentifier>
    </Filter>
    <Filter Include="core\events">
      <UniqueIdentifier>{92DC566A-FE91-CF5F-8786-C936F33AC663}</UniqueIdentifier>
    </Filter>
    <Filter Include="core\input">
      <UniqueIdentifier>{ED821051-D93A-529E-4242-2BFA2E19ED8E}</UniqueIdentifier>
    </Filter>
    <Filter Include="core\io">
      <UniqueIdentifier>{75DBB8D3-E1BA-376F-EAD2-C24556319ED0}</UniqueIdentifier>
    </Filter>
    <Filter Include="core\memory">
      <UniqueIdentifier>{16E8D07B-829D-4971-0B92-434877464075}</UniqueIdentifier>
    </Filter>
    <Filter Include="core\platform">
      <UniqueIdentifier>{82509E77-EE10-1AAE-B74B-632B23CB5E8A}</UniqueIdentifier>
    </Filter>
    <Filter Include="core\platform\GLFW">
      <UniqueIdentifier>{01ADC9B9-ED90-8A0F-56F1-846242F47491}</UniqueIdentifier>
    </Filter>
    <Filter Include="core\platform\OpenGL">
      <UniqueIdentifier>{76132F68-62A2-B831-0BC1-CC2CF72EC9D7}</UniqueIdentifier>
    </Filter>
    <Filter Include="core\platform\Vulkan">
      <UniqueIdentifier>{C277E178-AE06-6B42-5725-7F3D43937BE8}</UniqueIdentifier>
    </Filter>
    <Filter Include="core\platform\Windows">
      <UniqueIdentifier>{BC5C2DC6-28C9-E8C0-F1BC-801E5DE80A29}</UniqueIdentifier>
    </Filter>
    <Filter Include="render">
      <UniqueIdentifier>{E5CF2C19-D171-57EF-BA2C-6B43A66DDE3F}</UniqueIdentifier>
    </Filter>
  </ItemGroup>
  <ItemGroup>
    <ClInclude Include="src\core\Application.h">
      <Filter>core</Filter>
    </ClInclude>
    <ClInclude Include="src\core\Core.h">
      <Filter>core</Filter>
    </ClInclude>
    <ClInclude Include="src\core\Coretypes.h">
      <Filter>core</Filter>
    </ClInclude>
    <ClInclude Include="src\core\EntryPoint.h">
      <Filter>core</Filter>
    </ClInclude>
    <ClInclude Include="src\core\Enums.h">
      <Filter>core</Filter>
    </ClInclude>
    <ClInclude Include="src\core\Layer.h">
      <Filter>core</Filter>
    </ClInclude>
    <ClInclude Include="src\core\Object.h">
      <Filter>core</Filter>
    </ClInclude>
    <ClInclude Include="src\core\Platform.h">
      <Filter>core</Filter>
    </ClInclude>
    <ClInclude Include="src\core\StartUp.h">
      <Filter>core</Filter>
    </ClInclude>
    <ClInclude Include="src\core\Window.h">
      <Filter>core</Filter>
    </ClInclude>
    <ClInclude Include="src\core\events\Events.h">
      <Filter>core\events</Filter>
    </ClInclude>
    <ClInclude Include="src\core\events\EventsSystem.h">
      <Filter>core\events</Filter>
    </ClInclude>
    <ClInclude Include="src\core\input\Input.h">
      <Filter>core\input</Filter>
    </ClInclude>
    <ClInclude Include="src\core\input\Keys.h">
      <Filter>core\input</Filter>
    </ClInclude>
    <ClInclude Include="src\core\io\Logging.h">
      <Filter>core\io</Filter>
    </ClInclude>
    <ClInclude Include="src\core\io\TrcConsole.h">
      <Filter>core\io</Filter>
    </ClInclude>
    <ClInclude Include="src\core\memory\memory.h">
      <Filter>core\memory</Filter>
    </ClInclude>
    <ClInclude Include="src\core\pch.h">
      <Filter>core</Filter>
    </ClInclude>
    <ClInclude Include="src\core\platform\GLFW\GLFWwindow.h">
      <Filter>core\platform\GLFW</Filter>
    </ClInclude>
    <ClInclude Include="src\core\platform\OpenGL\OpenGLBuffer.h">
      <Filter>core\platform\OpenGL</Filter>
    </ClInclude>
    <ClInclude Include="src\core\platform\OpenGL\OpenGLContext.h">
      <Filter>core\platform\OpenGL</Filter>
    </ClInclude>
    <ClInclude Include="src\core\platform\OpenGL\OpenGLDevice.h">
      <Filter>core\platform\OpenGL</Filter>
    </ClInclude>
    <ClInclude Include="src\core\platform\Vulkan\VKContext.h">
      <Filter>core\platform\Vulkan</Filter>
    </ClInclude>
    <ClInclude Include="src\core\platform\Vulkan\VKDevice.h">
      <Filter>core\platform\Vulkan</Filter>
    </ClInclude>
    <ClInclude Include="src\core\platform\Vulkan\VKtypes.h">
      <Filter>core\platform\Vulkan</Filter>
    </ClInclude>
    <ClInclude Include="src\core\platform\Vulkan\VkUtils.h">
      <Filter>core\platform\Vulkan</Filter>
    </ClInclude>
    <ClInclude Include="src\core\platform\Windows\Win32Window.h">
      <Filter>core\platform\Windows</Filter>
    </ClInclude>
    <ClInclude Include="src\core\platform\Windows\WinConsole.h">
      <Filter>core\platform\Windows</Filter>
    </ClInclude>
    <ClInclude Include="src\render\GBuffer.h">
      <Filter>render</Filter>
    </ClInclude>
    <ClInclude Include="src\render\GContext.h">
      <Filter>render</Filter>
    </ClInclude>
    <ClInclude Include="src\render\GDevice.h">
      <Filter>render</Filter>
    </ClInclude>
    <ClInclude Include="src\render\GPUtypes.h">
      <Filter>render</Filter>
    </ClInclude>
    <ClInclude Include="src\render\Renderer.h">
      <Filter>render</Filter>
    </ClInclude>
    <ClInclude Include="src\trace.h" />
  </ItemGroup>
  <ItemGroup>
    <ClCompile Include="src\core\Application.cpp">
      <Filter>core</Filter>
    </ClCompile>
    <ClCompile Include="src\core\Layer.cpp">
      <Filter>core</Filter>
    </ClCompile>
    <ClCompile Include="src\core\Object.cpp">
      <Filter>core</Filter>
    </ClCompile>
    <ClCompile Include="src\core\Platform.cpp">
      <Filter>core</Filter>
    </ClCompile>
    <ClCompile Include="src\core\StartUp.cpp">
      <Filter>core</Filter>
    </ClCompile>
    <ClCompile Include="src\core\events\ApplicationEvents.cpp">
      <Filter>core\events</Filter>
    </ClCompile>
    <ClCompile Include="src\core\events\ConsoleEvents.cpp">
      <Filter>core\events</Filter>
    </ClCompile>
    <ClCompile Include="src\core\events\EventsSystem.cpp">
      <Filter>core\events</Filter>
    </ClCompile>
    <ClCompile Include="src\core\events\KeyEvents.cpp">
      <Filter>core\events</Filter>
    </ClCompile>
    <ClCompile Include="src\core\input\Input.cpp">
      <Filter>core\input</Filter>
    </ClCompile>
    <ClCompile Include="src\core\io\Logging.cpp">
      <Filter>core\io</Filter>
    </ClCompile>
    <ClCompile Include="src\core\io\TrcConsole.cpp">
      <Filter>core\io</Filter>
    </ClCompile>
    <ClCompile Include="src\core\pch.cpp">
      <Filter>core</Filter>
    </ClCompile>
    <ClCompile Include="src\core\platform\GLFW\GLFWwindow.cpp">
      <Filter>core\platform\GLFW</Filter>
    </ClCompile>
    <ClCompile Include="src\core\platform\OpenGL\OpenGLBuffer.cpp">
      <Filter>core\platform\OpenGL</Filter>
    </ClCompile>
    <ClCompile Include="src\core\platform\OpenGL\OpenGLContext.cpp">
      <Filter>core\platform\OpenGL</Filter>
    </ClCompile>
    <ClCompile Include="src\core\platform\OpenGL\OpenGLDevice.cpp">
      <Filter>core\platform\OpenGL</Filter>
    </ClCompile>
    <ClCompile Include="src\core\platform\Vulkan\VKContext.cpp">
      <Filter>core\platform\Vulkan</Filter>
    </ClCompile>
    <ClCompile Include="src\core\platform\Vulkan\VKDevice.cpp">
      <Filter>core\platform\Vulkan</Filter>
    </ClCompile>
    <ClCompile Include="src\core\platform\Vulkan\VKUtils.cpp">
      <Filter>core\platform\Vulkan</Filter>
    </ClCompile>
    <ClCompile Include="src\core\platform\Windows\Win32Window.cpp">
      <Filter>core\platform\Windows</Filter>
    </ClCompile>
    <ClCompile Include="src\core\platform\Windows\WinConsole.cpp">
      <Filter>core\platform\Windows</Filter>
    </ClCompile>
    <ClCompile Include="src\render\GBuffer.cpp">
      <Filter>render</Filter>
    </ClCompile>
    <ClCompile Include="src\render\GContext.cpp">
      <Filter>render</Filter>
    </ClCompile>
    <ClCompile Include="src\render\GDevice.cpp">
      <Filter>render</Filter>
    </ClCompile>
    <ClCompile Include="src\render\Renderer.cpp">
      <Filter>render</Filter>
    </ClCompile>
  </ItemGroup>
</Project>